{
  "version": 4,
  "terraform_version": "1.1.8",
  "serial": 33,
  "lineage": "3c12fba5-62de-152c-1b9a-fc60e8a04e4f",
  "outputs": {
    "Instace_IP": {
      "value": "i-09eb2ce9fe4226e4b",
      "type": "string"
    }
  },
  "resources": [
    {
      "mode": "managed",
      "type": "aws_db_instance",
      "name": "my-RDS",
      "provider": "provider[\"registry.terraform.io/hashicorp/aws\"]",
      "instances": [
        {
          "schema_version": 1,
          "attributes": {
            "address": "terraform-20220417141901932700000001.cxgh34gisqso.eu-central-1.rds.amazonaws.com",
            "allocated_storage": 10,
            "allow_major_version_upgrade": null,
            "apply_immediately": null,
            "arn": "arn:aws:rds:eu-central-1:667727374429:db:terraform-20220417141901932700000001",
            "auto_minor_version_upgrade": true,
            "availability_zone": "eu-central-1b",
            "backup_retention_period": 0,
            "backup_window": "01:58-02:28",
            "ca_cert_identifier": "rds-ca-2019",
            "character_set_name": "",
            "copy_tags_to_snapshot": false,
            "customer_owned_ip_enabled": false,
            "db_name": "mydb",
            "db_subnet_group_name": "private_subnets",
            "delete_automated_backups": true,
            "deletion_protection": false,
            "domain": "",
            "domain_iam_role_name": "",
            "enabled_cloudwatch_logs_exports": [],
            "endpoint": "terraform-20220417141901932700000001.cxgh34gisqso.eu-central-1.rds.amazonaws.com:3306",
            "engine": "mysql",
            "engine_version": "5.7",
            "engine_version_actual": "5.7.37",
            "final_snapshot_identifier": null,
            "hosted_zone_id": "Z1RLNUO7B9Q6NB",
            "iam_database_authentication_enabled": false,
            "id": "terraform-20220417141901932700000001",
            "identifier": "terraform-20220417141901932700000001",
            "identifier_prefix": "terraform-",
            "instance_class": "db.t2.micro",
            "iops": 0,
            "kms_key_id": "",
            "latest_restorable_time": "0001-01-01T00:00:00Z",
            "license_model": "general-public-license",
            "maintenance_window": "wed:03:28-wed:03:58",
            "max_allocated_storage": 0,
            "monitoring_interval": 0,
            "monitoring_role_arn": "",
            "multi_az": false,
            "name": "mydb",
            "nchar_character_set_name": "",
            "option_group_name": "default:mysql-5-7",
            "parameter_group_name": "default.mysql5.7",
            "password": "password",
            "performance_insights_enabled": false,
            "performance_insights_kms_key_id": "",
            "performance_insights_retention_period": 0,
            "port": 3306,
            "publicly_accessible": false,
            "replica_mode": "",
            "replicas": [],
            "replicate_source_db": "",
            "resource_id": "db-PRJ4B4QBUH43MKTVP5K6SC7E6I",
            "restore_to_point_in_time": [],
            "s3_import": [],
            "security_group_names": [],
            "skip_final_snapshot": true,
            "snapshot_identifier": null,
            "status": "available",
            "storage_encrypted": false,
            "storage_type": "gp2",
            "tags": {},
            "tags_all": {},
            "timeouts": null,
            "timezone": "",
            "username": "user1",
            "vpc_security_group_ids": [
              "sg-02786ba3ebb3bec0b"
            ]
          },
          "sensitive_attributes": [],
          "private": "eyJlMmJmYjczMC1lY2FhLTExZTYtOGY4OC0zNDM2M2JjN2M0YzAiOnsiY3JlYXRlIjoyNDAwMDAwMDAwMDAwLCJkZWxldGUiOjM2MDAwMDAwMDAwMDAsInVwZGF0ZSI6NDgwMDAwMDAwMDAwMH0sInNjaGVtYV92ZXJzaW9uIjoiMSJ9",
          "dependencies": [
            "aws_security_group.private_access",
            "module.network.aws_db_subnet_group.private_subnet_group",
            "module.network.aws_subnet.private-one",
            "module.network.aws_subnet.private-two",
            "module.network.aws_vpc.myvpc"
          ]
        }
      ]
    },
    {
      "mode": "managed",
      "type": "aws_elasticache_cluster",
      "name": "cash_cluster",
      "provider": "provider[\"registry.terraform.io/hashicorp/aws\"]",
      "instances": [
        {
          "schema_version": 0,
          "attributes": {
            "apply_immediately": null,
            "arn": "arn:aws:elasticache:eu-central-1:667727374429:cluster:redis-cluster",
            "auto_minor_version_upgrade": "true",
            "availability_zone": "eu-central-1a",
            "az_mode": "single-az",
            "cache_nodes": [
              {
                "address": "redis-cluster.8oieyg.0001.euc1.cache.amazonaws.com",
                "availability_zone": "eu-central-1a",
                "id": "0001",
                "port": 6379
              }
            ],
            "cluster_address": null,
            "cluster_id": "redis-cluster",
            "configuration_endpoint": null,
            "engine": "redis",
            "engine_version": "3.2.10",
            "engine_version_actual": "3.2.10",
            "final_snapshot_identifier": null,
            "id": "redis-cluster",
            "log_delivery_configuration": [],
            "maintenance_window": "tue:05:00-tue:06:00",
            "node_type": "cache.t2.micro",
            "notification_topic_arn": null,
            "num_cache_nodes": 1,
            "parameter_group_name": "default.redis3.2",
            "port": 6379,
            "preferred_availability_zones": null,
            "replication_group_id": null,
            "security_group_ids": [
              "sg-08c444afbb05f92be"
            ],
            "security_group_names": [],
            "snapshot_arns": null,
            "snapshot_name": null,
            "snapshot_retention_limit": 0,
            "snapshot_window": "03:00-04:00",
            "subnet_group_name": "cache-subnet-grp",
            "tags": {},
            "tags_all": {}
          },
          "sensitive_attributes": [],
          "private": "bnVsbA==",
          "dependencies": [
            "aws_elasticache_subnet_group.cache_sub_grp",
            "aws_security_group.elasticache_sg",
            "module.network.aws_subnet.private-one",
            "module.network.aws_subnet.private-two",
            "module.network.aws_vpc.myvpc"
          ]
        }
      ]
    },
    {
      "mode": "managed",
      "type": "aws_elasticache_subnet_group",
      "name": "cache_sub_grp",
      "provider": "provider[\"registry.terraform.io/hashicorp/aws\"]",
      "instances": [
        {
          "schema_version": 0,
          "attributes": {
            "arn": "arn:aws:elasticache:eu-central-1:667727374429:subnetgroup:cache-subnet-grp",
            "description": "Managed by Terraform",
            "id": "cache-subnet-grp",
            "name": "cache-subnet-grp",
            "subnet_ids": [
              "subnet-09966dd034ce54d9a",
              "subnet-0d3a543903b58454c"
            ],
            "tags": {},
            "tags_all": {}
          },
          "sensitive_attributes": [],
          "private": "bnVsbA==",
          "dependencies": [
            "module.network.aws_subnet.private-one",
            "module.network.aws_subnet.private-two",
            "module.network.aws_vpc.myvpc"
          ]
        }
      ]
    },
    {
      "mode": "managed",
      "type": "aws_instance",
      "name": "private1",
      "provider": "provider[\"registry.terraform.io/hashicorp/aws\"]",
      "instances": [
        {
          "schema_version": 1,
          "attributes": {
            "ami": "ami-0d527b8c289b4af7f",
            "arn": "arn:aws:ec2:eu-central-1:667727374429:instance/i-045bd087ac007714d",
            "associate_public_ip_address": false,
            "availability_zone": "eu-central-1a",
            "capacity_reservation_specification": [
              {
                "capacity_reservation_preference": "open",
                "capacity_reservation_target": []
              }
            ],
            "cpu_core_count": 1,
            "cpu_threads_per_core": 1,
            "credit_specification": [
              {
                "cpu_credits": "standard"
              }
            ],
            "disable_api_termination": false,
            "ebs_block_device": [],
            "ebs_optimized": false,
            "enclave_options": [
              {
                "enabled": false
              }
            ],
            "ephemeral_block_device": [],
            "get_password_data": false,
            "hibernation": false,
            "host_id": null,
            "iam_instance_profile": "",
            "id": "i-045bd087ac007714d",
            "instance_initiated_shutdown_behavior": "stop",
            "instance_state": "running",
            "instance_type": "t2.micro",
            "ipv6_address_count": 0,
            "ipv6_addresses": [],
            "key_name": "mypublic-key_pair",
            "launch_template": [],
            "metadata_options": [
              {
                "http_endpoint": "enabled",
                "http_put_response_hop_limit": 1,
                "http_tokens": "optional",
                "instance_metadata_tags": "disabled"
              }
            ],
            "monitoring": false,
            "network_interface": [],
            "outpost_arn": "",
            "password_data": "",
            "placement_group": "",
            "placement_partition_number": null,
            "primary_network_interface_id": "eni-014455c3c5fcb6cc7",
            "private_dns": "ip-192-0-1-188.eu-central-1.compute.internal",
            "private_ip": "192.0.1.188",
            "public_dns": "",
            "public_ip": "",
            "root_block_device": [
              {
                "delete_on_termination": true,
                "device_name": "/dev/sda1",
                "encrypted": false,
                "iops": 100,
                "kms_key_id": "",
                "tags": {},
                "throughput": 0,
                "volume_id": "vol-08957b033d0ed3e47",
                "volume_size": 8,
                "volume_type": "gp2"
              }
            ],
            "secondary_private_ips": [],
            "security_groups": [],
            "source_dest_check": true,
            "subnet_id": "subnet-0d3a543903b58454c",
            "tags": {
              "Name": "ec2-private-1"
            },
            "tags_all": {
              "Name": "ec2-private-1"
            },
            "tenancy": "default",
            "timeouts": null,
            "user_data": "67355f985e32b18578e095a041d99932017882f8",
            "user_data_base64": null,
            "user_data_replace_on_change": false,
            "volume_tags": null,
            "vpc_security_group_ids": [
              "sg-02786ba3ebb3bec0b"
            ]
          },
          "sensitive_attributes": [],
          "private": "eyJlMmJmYjczMC1lY2FhLTExZTYtOGY4OC0zNDM2M2JjN2M0YzAiOnsiY3JlYXRlIjo2MDAwMDAwMDAwMDAsImRlbGV0ZSI6MTIwMDAwMDAwMDAwMCwidXBkYXRlIjo2MDAwMDAwMDAwMDB9LCJzY2hlbWFfdmVyc2lvbiI6IjEifQ==",
          "dependencies": [
            "aws_security_group.private_access",
            "module.network.aws_subnet.private-one"
          ]
        }
      ]
    },
    {
      "mode": "managed",
      "type": "aws_instance",
      "name": "public1",
      "provider": "provider[\"registry.terraform.io/hashicorp/aws\"]",
      "instances": [
        {
          "schema_version": 1,
          "attributes": {
            "ami": "ami-0d527b8c289b4af7f",
            "arn": "arn:aws:ec2:eu-central-1:667727374429:instance/i-09eb2ce9fe4226e4b",
            "associate_public_ip_address": true,
            "availability_zone": "eu-central-1a",
            "capacity_reservation_specification": [
              {
                "capacity_reservation_preference": "open",
                "capacity_reservation_target": []
              }
            ],
            "cpu_core_count": 1,
            "cpu_threads_per_core": 1,
            "credit_specification": [
              {
                "cpu_credits": "standard"
              }
            ],
            "disable_api_termination": false,
            "ebs_block_device": [],
            "ebs_optimized": false,
            "enclave_options": [
              {
                "enabled": false
              }
            ],
            "ephemeral_block_device": [],
            "get_password_data": false,
            "hibernation": false,
            "host_id": null,
            "iam_instance_profile": "",
            "id": "i-09eb2ce9fe4226e4b",
            "instance_initiated_shutdown_behavior": "stop",
            "instance_state": "running",
            "instance_type": "t2.micro",
            "ipv6_address_count": 0,
            "ipv6_addresses": [],
            "key_name": "mypublic-key_pair",
            "launch_template": [],
            "metadata_options": [
              {
                "http_endpoint": "enabled",
                "http_put_response_hop_limit": 1,
                "http_tokens": "optional",
                "instance_metadata_tags": "disabled"
              }
            ],
            "monitoring": false,
            "network_interface": [],
            "outpost_arn": "",
            "password_data": "",
            "placement_group": "",
            "placement_partition_number": null,
            "primary_network_interface_id": "eni-04c8aba39951f853a",
            "private_dns": "ip-192-0-0-52.eu-central-1.compute.internal",
            "private_ip": "192.0.0.52",
            "public_dns": "ec2-3-123-253-131.eu-central-1.compute.amazonaws.com",
            "public_ip": "3.123.253.131",
            "root_block_device": [
              {
                "delete_on_termination": true,
                "device_name": "/dev/sda1",
                "encrypted": false,
                "iops": 100,
                "kms_key_id": "",
                "tags": {},
                "throughput": 0,
                "volume_id": "vol-0888be5b2ab86b587",
                "volume_size": 8,
                "volume_type": "gp2"
              }
            ],
            "secondary_private_ips": [],
            "security_groups": [],
            "source_dest_check": true,
            "subnet_id": "subnet-0e0dca9b87eca3d84",
            "tags": {
              "Name": "ec2-public-1"
            },
            "tags_all": {
              "Name": "ec2-public-1"
            },
            "tenancy": "default",
            "timeouts": null,
            "user_data": "77807959bce8485667ac5dd973d34702e5681ea7",
            "user_data_base64": null,
            "user_data_replace_on_change": false,
            "volume_tags": null,
            "vpc_security_group_ids": [
              "sg-0cac0b088be630abe"
            ]
          },
          "sensitive_attributes": [],
          "private": "eyJlMmJmYjczMC1lY2FhLTExZTYtOGY4OC0zNDM2M2JjN2M0YzAiOnsiY3JlYXRlIjo2MDAwMDAwMDAwMDAsImRlbGV0ZSI6MTIwMDAwMDAwMDAwMCwidXBkYXRlIjo2MDAwMDAwMDAwMDB9LCJzY2hlbWFfdmVyc2lvbiI6IjEifQ==",
          "dependencies": [
            "aws_security_group.public_access",
            "module.network.aws_subnet.public-one"
          ]
        }
      ]
    },
    {
      "mode": "managed",
      "type": "aws_key_pair",
      "name": "public_key_pair",
      "provider": "provider[\"registry.terraform.io/hashicorp/aws\"]",
      "instances": [
        {
          "schema_version": 1,
          "attributes": {
            "arn": "arn:aws:ec2:eu-central-1:667727374429:key-pair/mypublic-key_pair",
            "fingerprint": "50:2f:4e:6e:a5:40:89:6b:52:b0:9b:e9:8d:ba:2e:6f",
            "id": "mypublic-key_pair",
            "key_name": "mypublic-key_pair",
            "key_name_prefix": "",
            "key_pair_id": "key-0086c83d73c6beac2",
            "public_key": "ssh-rsa AAAAB3NzaC1yc2EAAAADAQABAAACAQDLqKJucwuaKQLFgUXTuGreo5WiuDcET0CEYuf+sZfGFJ4O/Z1qskpFwuRD/px6ocnl3qFaFFcjxJJ6a/EOO2/T8+SCg2218g7eGnLed2NtHTqiIYrZ+/iaz7LU6T2ZTlftg0OEzkgDe1BSm3Qe3YphvKNG071U/P/AvXmQrZCsBVXFSFBopIem/8poXdi8P7S95RlQwh83NzvKtZ93TSdHYL53xjVt/UGQHUP4kgGCKxa/6jZuDI1i++KIe4hyK8f38fkcbmJbCixVBIzU8PZ1gqK96nPIrki3PC+Rjn4ueZQsgCifKWcEaUsQ/BTdUM0x0vzKujpbulqjs7mH23tzZ9r4dnR1bheSZFBmv/ohmmJoq9hY4P9nv/94zh6up3BfQWG+Tb76pKGBKapIJ6TznA+EartVuFKjjl8ZL1wsrdfZ8NkX3ock9ZgUmks+N+BOLI3cOebf+0+lGneaORhCGkgRarFfsw9zDmTtfZbijEy7VAKLfTbRcQgg9lhcC6mmP6FY5EK0uGtqkd3Qxkcm82e5iNkry6c9vtUzId9q7BP+w8qg84ZJnRUJsOsPwaYizmwa+oLLQA6J39oJNphOQUMch/dzv8WztGN+1RSSaKbv0NelsLNpFYvDOoq7pCACBP/++l3/dbwTv4oE3+aD3VCwbu6jtEJipP0VZC/EOQ==",
            "tags": {},
            "tags_all": {}
          },
          "sensitive_attributes": [],
          "private": "eyJzY2hlbWFfdmVyc2lvbiI6IjEifQ==",
          "dependencies": [
            "tls_private_key.private_key_pair"
          ]
        }
      ]
    },
    {
      "mode": "managed",
      "type": "aws_secretsmanager_secret",
      "name": "private_key",
      "provider": "provider[\"registry.terraform.io/hashicorp/aws\"]",
      "instances": [
        {
          "schema_version": 0,
          "attributes": {
            "arn": "arn:aws:secretsmanager:eu-central-1:667727374429:secret:my_privateKey-jQWkoi",
            "description": "",
            "force_overwrite_replica_secret": false,
            "id": "arn:aws:secretsmanager:eu-central-1:667727374429:secret:my_privateKey-jQWkoi",
            "kms_key_id": "",
            "name": "my_privateKey",
            "name_prefix": null,
            "policy": "",
            "recovery_window_in_days": 0,
            "replica": [],
            "rotation_enabled": false,
            "rotation_lambda_arn": "",
            "rotation_rules": [],
            "tags": {},
            "tags_all": {}
          },
          "sensitive_attributes": [],
          "private": "bnVsbA=="
        }
      ]
    },
    {
      "mode": "managed",
      "type": "aws_secretsmanager_secret",
      "name": "public_key",
      "provider": "provider[\"registry.terraform.io/hashicorp/aws\"]",
      "instances": [
        {
          "schema_version": 0,
          "attributes": {
            "arn": "arn:aws:secretsmanager:eu-central-1:667727374429:secret:my_publickey-h4y7Cr",
            "description": "",
            "force_overwrite_replica_secret": false,
            "id": "arn:aws:secretsmanager:eu-central-1:667727374429:secret:my_publickey-h4y7Cr",
            "kms_key_id": "",
            "name": "my_publickey",
            "name_prefix": null,
            "policy": "",
            "recovery_window_in_days": 0,
            "replica": [],
            "rotation_enabled": false,
            "rotation_lambda_arn": "",
            "rotation_rules": [],
            "tags": {},
            "tags_all": {}
          },
          "sensitive_attributes": [],
          "private": "bnVsbA=="
        }
      ]
    },
    {
      "mode": "managed",
      "type": "aws_secretsmanager_secret_version",
      "name": "private_key_value",
      "provider": "provider[\"registry.terraform.io/hashicorp/aws\"]",
      "instances": [
        {
          "schema_version": 0,
          "attributes": {
            "arn": "arn:aws:secretsmanager:eu-central-1:667727374429:secret:my_privateKey-jQWkoi",
            "id": "arn:aws:secretsmanager:eu-central-1:667727374429:secret:my_privateKey-jQWkoi|29862C56-DAD0-4591-92AD-D89DA852F36F",
            "secret_binary": "",
            "secret_id": "arn:aws:secretsmanager:eu-central-1:667727374429:secret:my_privateKey-jQWkoi",
            "secret_string": "-----BEGIN RSA PRIVATE KEY-----\nMIIJKAIBAAKCAgEAy6iibnMLmikCxYFF07hq3qOVorg3BE9AhGLn/rGXxhSeDv2d\narJKRcLkQ/6ceqHJ5d6hWhRXI8SSemvxDjtv0/PkgoNttfIO3hpy3ndjbR06oiGK\n2fv4ms+y1Ok9mU5X7YNDhM5IA3tQUpt0Ht2KYbyjRtO9VPz/wL15kK2QrAVVxUhQ\naKSHpv/KaF3YvD+0veUZUMIfNzc7yrWfd00nR2C+d8Y1bf1BkB1D+JIBgisWv+o2\nbgyNYvviiHuIcivH9/H5HG5iWwosVQSM1PD2dYKivepzyK5ItzwvkY5+LnmULIAo\nnylnBGlLEPwU3VDNMdL8yro6W7pao7O5h9t7c2fa+HZ0dW4XkmRQZr/6IZpiaKvY\nWOD/Z7//eM4erqdwX0Fhvk2++qShgSmqSCek85wPhGq7VbhSo45fGS9cLK3X2fDZ\nF96HJPWYFJpLPjfgTiyN3Dnm3/tPpRp3mjkYQhpIEWqxX7MPcw5k7X2W4oxMu1QC\ni3020XEIIPZYXAuppj+hWORCtLhrapHd0MZHJvNnuYjZK8unPb7VMyHfauwT/sPK\noPOGSZ0VCbDrD8GmIs5sGvqCy0AOid/aCTaYTkFDHIf3c7/Fs7RjftUUkmim79DX\npbCzaRWLwzqKu6QgAgT//vpd/3W8E7+KBN/mg91QsG7uo7RCYqT9FWQvxDkCAwEA\nAQKCAgA+gUkpAOIktEWHfH+D1WvnXOmGAWfRSMmSWBC/2J2uS5GfJDN2FbY55vDL\n9Y7tDE684DFBRlDgR2p1bD+VkKRntskBTXkUiHALtq5enOHFEV13eTf2YyEP0oMe\nWV9wd90ApnLIhc8QUn56e/+NoYzhJlYuXLoVJXkRHJX802g9g32piOI025pOpN7o\nXTUxwZOlXHUCljGibq9JLaj9oo5Vl9mdRRYM5deDdZfw6E7SNotK54VBDVUvdgM2\nxENCVzGOZZOBKFfDfUHR7g2TJUlfE3MDOrvCccsbgbtPvx33AZV6evL8tmZJsk85\nrURyEGSJ0CmJxtI2aOF8sKJWkgQ3APkp2141m5/yXyuhJhZkHLGtFtfnOyGTjjkJ\n7XgpSK4BAgt+o99Atg6EY6P+XqGUb4ojXJ2onxqXNJYSagnEo6Vc8QDQhXNbRzor\n1qEanbagCE60gPFJzOMueOJj0J7kvsVSsubryTb6L2iulbuWccK3bQd53PuZG67I\nV0rGDP3H0UZHOWb/kE8aDJ3xqtiqmK0dd8UZ1IzIxnyRxg6S0NpQeTcvYA4T1Tg9\nnpnBi+KPL1NsUbxKwmdk5AqzYhSSv44qSGWocR1nGbNa0JZzZr1XV5BS0X6zR+S8\nEuGlPZqmIqk8/BEdbgMcYjx5hs3FoHKEx8NhOJuLo7iRPOuVKQKCAQEA7bog24JK\nBX3ON4uFzGc9kJ/7+L8Fk4G/9Hcou3+73USkWwMvxOjmEV9omA1+p6Jvh4nPAvaf\nMrA18zhdhVMD8wHBSmvK2AWjMesSz5QYDaktfMwc3aAuXy+wW76tBKC/ZlICYggh\nQIHACFOQQTFNH4wi30aHrEktDwaWr5XRYNVVJK7BISjLoyTCCgEhL3DkeiEntK0s\nfygcQfTHlH32IyRPjMmteoYcKYDZA4v4Diku6PN201CLNkujsEB1EfIASAKQ7fA6\nHr1aqZldge1bILn6nrDVWaJekWsRde1rO8MDjUy4FD+UaQSSEms46gAoutHeVOSv\nqIq1wVvOVd+I1wKCAQEA21AgedQLQttQD5J/2DczHNp08Lzy10SaLeH2ipa3hR7n\nn5+v6fk55qIBH3E7z2D9sICuugAO3cT3be1YT/LTlzMM1ZkW4SO/SAxfey6rYq8Z\nkqCEvgaQPHpuURpB2uhPL79c5cRrx+toDdiTCtV7MGjP2V8k4E9WPtQnW5FfA99u\nKU2P85cI1Y3M28Lyhoqj5eU6bktJU30nZxHzumFrbL/qBYyW05ODELYI1GBWh0WG\nFdpxiLTNVFednwVwPebFdRQg6bpxQ3zgrWPE+aM7fcdcH8CBdSkPhe9P8x/LXUqx\n+/9XOW50bZ3k1NgwFXkMEar4Jzj0u7P0rm01x08pbwKCAQEAht940NEkqeTsYHsa\nGBPiy/DYhhHqWfvdKheI1ofrz+enz7MJIRB5pxWYQ9w0JWt1F1LKTgYZ4Co1EZ7D\nAGdO8Enong518QWRxzp1W6vL0cRP+GPdZKgCZyKpTgPqKZwBu01/6JpwMybqCk9O\noo4UEXfyOPbM9qQ1mjbEuy2msueV/M/g5q08i3zJUd++Mio8lkXFPy6Y9jONhKYZ\nrVehk+J/94JcmA0KYUmm1epNe8tFwAiRO+aQdOeJIPAQ+3NvUWuTSktmzhXkICDQ\n+mvtra2WUP5GrSn/uUUjjOJ8WlWT6FDEh0hjLQnYzfZjPe+FLCjxmPx95IN+BwvN\nDs9Z1QKCAQBsYvQ54W7TUtoFaCygqd8r4lcq5ubJNtFP3b3fjk8SjkyAmgXxh0dz\nURtm86pQeinGgkJYEFFIjuCNxl//2w1xSzyLj8Y77FPLgrnpgg4XjlwAGC6iT1IX\nYZaFpIlpa6g++78omuN9gT0CosdA8nKYYSRf1GLALNV95ZGx8m1X16N07C05gKpQ\nCG13Kqh7j6cipiAzhCewCElh6gBfW2gg7dP1fB7KX7vFlYFVnGsHHXf/8t5rZpeX\nmFmAzspC/XsWuqTtfkQdy2iqqIUfrulm5xEDbDtOsMVINxZ3HH6AE7tUxEPSUWFf\nD0qZWmKhKhqp3KoZkE97OJuzXKvYXaonAoIBAC0iRSfaWYHzEI+vaPSxm7ULmdkv\ndaVssNohID0OD8C/9o0FEw52xWGq+MaHg3kxw1kbD8R3wm+nN1f2xMMK5WfKYUaq\nek+o6Z4Y52+NRIv4aAGLnBlLhAlacSAT2xc6NT3cNWx96FKU/Y6OCUCYv+6I5kou\nWe6vqglLy5Z3xAn5gcdNkl5tNREoBhvYxGZlrJo5NAswVDC753Y8sQ+aQVH3NtZi\n8SqNG55RUyIEDGTYEDDH+n3NgsMxVsM93tNod3jlqWcqkoRovAoOxB598DnJ7u+z\n71iFLM6dgYVBrOmDOL04hJEZhoLMQL3Ad0fGe3kMAGnYO4+jbByJapc40sQ=\n-----END RSA PRIVATE KEY-----\n",
            "version_id": "29862C56-DAD0-4591-92AD-D89DA852F36F",
            "version_stages": [
              "AWSCURRENT"
            ]
          },
          "sensitive_attributes": [
            [
              {
                "type": "get_attr",
                "value": "secret_string"
              }
            ]
          ],
          "private": "bnVsbA==",
          "dependencies": [
            "aws_secretsmanager_secret.private_key",
            "tls_private_key.private_key_pair"
          ]
        }
      ]
    },
    {
      "mode": "managed",
      "type": "aws_secretsmanager_secret_version",
      "name": "public_key_value",
      "provider": "provider[\"registry.terraform.io/hashicorp/aws\"]",
      "instances": [
        {
          "schema_version": 0,
          "attributes": {
            "arn": "arn:aws:secretsmanager:eu-central-1:667727374429:secret:my_publickey-h4y7Cr",
            "id": "arn:aws:secretsmanager:eu-central-1:667727374429:secret:my_publickey-h4y7Cr|54A48078-CB3D-415E-B075-34A5BCECDAFE",
            "secret_binary": "",
            "secret_id": "arn:aws:secretsmanager:eu-central-1:667727374429:secret:my_publickey-h4y7Cr",
            "secret_string": "ssh-rsa AAAAB3NzaC1yc2EAAAADAQABAAACAQDLqKJucwuaKQLFgUXTuGreo5WiuDcET0CEYuf+sZfGFJ4O/Z1qskpFwuRD/px6ocnl3qFaFFcjxJJ6a/EOO2/T8+SCg2218g7eGnLed2NtHTqiIYrZ+/iaz7LU6T2ZTlftg0OEzkgDe1BSm3Qe3YphvKNG071U/P/AvXmQrZCsBVXFSFBopIem/8poXdi8P7S95RlQwh83NzvKtZ93TSdHYL53xjVt/UGQHUP4kgGCKxa/6jZuDI1i++KIe4hyK8f38fkcbmJbCixVBIzU8PZ1gqK96nPIrki3PC+Rjn4ueZQsgCifKWcEaUsQ/BTdUM0x0vzKujpbulqjs7mH23tzZ9r4dnR1bheSZFBmv/ohmmJoq9hY4P9nv/94zh6up3BfQWG+Tb76pKGBKapIJ6TznA+EartVuFKjjl8ZL1wsrdfZ8NkX3ock9ZgUmks+N+BOLI3cOebf+0+lGneaORhCGkgRarFfsw9zDmTtfZbijEy7VAKLfTbRcQgg9lhcC6mmP6FY5EK0uGtqkd3Qxkcm82e5iNkry6c9vtUzId9q7BP+w8qg84ZJnRUJsOsPwaYizmwa+oLLQA6J39oJNphOQUMch/dzv8WztGN+1RSSaKbv0NelsLNpFYvDOoq7pCACBP/++l3/dbwTv4oE3+aD3VCwbu6jtEJipP0VZC/EOQ==",
            "version_id": "54A48078-CB3D-415E-B075-34A5BCECDAFE",
            "version_stages": [
              "AWSCURRENT"
            ]
          },
          "sensitive_attributes": [],
          "private": "bnVsbA==",
          "dependencies": [
            "aws_key_pair.public_key_pair",
            "aws_secretsmanager_secret.public_key",
            "tls_private_key.private_key_pair"
          ]
        }
      ]
    },
    {
      "mode": "managed",
      "type": "aws_security_group",
      "name": "elasticache_sg",
      "provider": "provider[\"registry.terraform.io/hashicorp/aws\"]",
      "instances": [
        {
          "schema_version": 1,
          "attributes": {
            "arn": "arn:aws:ec2:eu-central-1:667727374429:security-group/sg-08c444afbb05f92be",
            "description": "Allow TLS inbound traffic",
            "egress": [
              {
                "cidr_blocks": [
                  "0.0.0.0/0"
                ],
                "description": "",
                "from_port": 0,
                "ipv6_cidr_blocks": [],
                "prefix_list_ids": [],
                "protocol": "-1",
                "security_groups": [],
                "self": false,
                "to_port": 0
              }
            ],
            "id": "sg-08c444afbb05f92be",
            "ingress": [
              {
                "cidr_blocks": [
                  "192.0.0.0/16"
                ],
                "description": "custom from VPC",
                "from_port": 6379,
                "ipv6_cidr_blocks": [],
                "prefix_list_ids": [],
                "protocol": "tcp",
                "security_groups": [],
                "self": false,
                "to_port": 6379
              },
              {
                "cidr_blocks": [
                  "192.0.0.0/16"
                ],
                "description": "ssh from VPC",
                "from_port": 22,
                "ipv6_cidr_blocks": [],
                "prefix_list_ids": [],
                "protocol": "tcp",
                "security_groups": [],
                "self": false,
                "to_port": 22
              }
            ],
            "name": "elasticache_sg_access",
            "name_prefix": "",
            "owner_id": "667727374429",
            "revoke_rules_on_delete": false,
            "tags": {
              "Name": "private_access"
            },
            "tags_all": {
              "Name": "private_access"
            },
            "timeouts": null,
            "vpc_id": "vpc-03aef443b456c3a21"
          },
          "sensitive_attributes": [],
          "private": "eyJlMmJmYjczMC1lY2FhLTExZTYtOGY4OC0zNDM2M2JjN2M0YzAiOnsiY3JlYXRlIjo2MDAwMDAwMDAwMDAsImRlbGV0ZSI6OTAwMDAwMDAwMDAwfSwic2NoZW1hX3ZlcnNpb24iOiIxIn0=",
          "dependencies": [
            "module.network.aws_vpc.myvpc"
          ]
        }
      ]
    },
    {
      "mode": "managed",
      "type": "aws_security_group",
      "name": "private_access",
      "provider": "provider[\"registry.terraform.io/hashicorp/aws\"]",
      "instances": [
        {
          "schema_version": 1,
          "attributes": {
            "arn": "arn:aws:ec2:eu-central-1:667727374429:security-group/sg-02786ba3ebb3bec0b",
            "description": "Allow TLS inbound traffic",
            "egress": [
              {
                "cidr_blocks": [
                  "0.0.0.0/0"
                ],
                "description": "",
                "from_port": 0,
                "ipv6_cidr_blocks": [],
                "prefix_list_ids": [],
                "protocol": "-1",
                "security_groups": [],
                "self": false,
                "to_port": 0
              }
            ],
            "id": "sg-02786ba3ebb3bec0b",
            "ingress": [
              {
                "cidr_blocks": [
                  "0.0.0.0/0"
                ],
                "description": "custom from VPC",
                "from_port": 3306,
                "ipv6_cidr_blocks": [],
                "prefix_list_ids": [],
                "protocol": "tcp",
                "security_groups": [],
                "self": false,
                "to_port": 3306
              },
              {
                "cidr_blocks": [
                  "192.0.0.0/16"
                ],
                "description": "custom from VPC",
                "from_port": 3000,
                "ipv6_cidr_blocks": [],
                "prefix_list_ids": [],
                "protocol": "tcp",
                "security_groups": [],
                "self": false,
                "to_port": 3000
              },
              {
                "cidr_blocks": [
                  "192.0.0.0/16"
                ],
                "description": "ssh from VPC",
                "from_port": 22,
                "ipv6_cidr_blocks": [],
                "prefix_list_ids": [],
                "protocol": "tcp",
                "security_groups": [],
                "self": false,
                "to_port": 22
              }
            ],
            "name": "private_access",
            "name_prefix": "",
            "owner_id": "667727374429",
            "revoke_rules_on_delete": false,
            "tags": {
              "Name": "private_access"
            },
            "tags_all": {
              "Name": "private_access"
            },
            "timeouts": null,
            "vpc_id": "vpc-03aef443b456c3a21"
          },
          "sensitive_attributes": [],
          "private": "eyJlMmJmYjczMC1lY2FhLTExZTYtOGY4OC0zNDM2M2JjN2M0YzAiOnsiY3JlYXRlIjo2MDAwMDAwMDAwMDAsImRlbGV0ZSI6OTAwMDAwMDAwMDAwfSwic2NoZW1hX3ZlcnNpb24iOiIxIn0=",
          "dependencies": [
            "module.network.aws_vpc.myvpc"
          ]
        }
      ]
    },
    {
      "mode": "managed",
      "type": "aws_security_group",
      "name": "public_access",
      "provider": "provider[\"registry.terraform.io/hashicorp/aws\"]",
      "instances": [
        {
          "schema_version": 1,
          "attributes": {
            "arn": "arn:aws:ec2:eu-central-1:667727374429:security-group/sg-0cac0b088be630abe",
            "description": "Allow TLS inbound traffic",
            "egress": [
              {
                "cidr_blocks": [
                  "0.0.0.0/0"
                ],
                "description": "",
                "from_port": 0,
                "ipv6_cidr_blocks": [],
                "prefix_list_ids": [],
                "protocol": "-1",
                "security_groups": [],
                "self": false,
                "to_port": 0
              }
            ],
            "id": "sg-0cac0b088be630abe",
            "ingress": [
              {
                "cidr_blocks": [
                  "0.0.0.0/0"
                ],
                "description": "http from VPC",
                "from_port": 80,
                "ipv6_cidr_blocks": [],
                "prefix_list_ids": [],
                "protocol": "tcp",
                "security_groups": [],
                "self": false,
                "to_port": 80
              },
              {
                "cidr_blocks": [
                  "0.0.0.0/0"
                ],
                "description": "https from VPC",
                "from_port": 443,
                "ipv6_cidr_blocks": [],
                "prefix_list_ids": [],
                "protocol": "tcp",
                "security_groups": [],
                "self": false,
                "to_port": 443
              },
              {
                "cidr_blocks": [
                  "0.0.0.0/0"
                ],
                "description": "ssh from VPC",
                "from_port": 22,
                "ipv6_cidr_blocks": [],
                "prefix_list_ids": [],
                "protocol": "tcp",
                "security_groups": [],
                "self": false,
                "to_port": 22
              }
            ],
            "name": "public_access",
            "name_prefix": "",
            "owner_id": "667727374429",
            "revoke_rules_on_delete": false,
            "tags": {
              "Name": "public_access"
            },
            "tags_all": {
              "Name": "public_access"
            },
            "timeouts": null,
            "vpc_id": "vpc-03aef443b456c3a21"
          },
          "sensitive_attributes": [],
          "private": "eyJlMmJmYjczMC1lY2FhLTExZTYtOGY4OC0zNDM2M2JjN2M0YzAiOnsiY3JlYXRlIjo2MDAwMDAwMDAwMDAsImRlbGV0ZSI6OTAwMDAwMDAwMDAwfSwic2NoZW1hX3ZlcnNpb24iOiIxIn0=",
          "dependencies": [
            "module.network.aws_vpc.myvpc"
          ]
        }
      ]
    },
    {
      "mode": "managed",
      "type": "tls_private_key",
      "name": "private_key_pair",
      "provider": "provider[\"registry.terraform.io/hashicorp/tls\"]",
      "instances": [
        {
          "schema_version": 0,
          "attributes": {
            "algorithm": "RSA",
            "ecdsa_curve": "P224",
            "id": "10d09382f01140afd3cf7949b7e6ee778aeb57c3",
            "private_key_openssh": "-----BEGIN OPENSSH PRIVATE KEY-----\nb3BlbnNzaC1rZXktdjEAAAAABG5vbmUAAAAEbm9uZQAAAAAAAAABAAACFwAAAAdz\nc2gtcnNhAAAAAwEAAQAAAgEAy6iibnMLmikCxYFF07hq3qOVorg3BE9AhGLn/rGX\nxhSeDv2darJKRcLkQ/6ceqHJ5d6hWhRXI8SSemvxDjtv0/PkgoNttfIO3hpy3ndj\nbR06oiGK2fv4ms+y1Ok9mU5X7YNDhM5IA3tQUpt0Ht2KYbyjRtO9VPz/wL15kK2Q\nrAVVxUhQaKSHpv/KaF3YvD+0veUZUMIfNzc7yrWfd00nR2C+d8Y1bf1BkB1D+JIB\ngisWv+o2bgyNYvviiHuIcivH9/H5HG5iWwosVQSM1PD2dYKivepzyK5ItzwvkY5+\nLnmULIAonylnBGlLEPwU3VDNMdL8yro6W7pao7O5h9t7c2fa+HZ0dW4XkmRQZr/6\nIZpiaKvYWOD/Z7//eM4erqdwX0Fhvk2++qShgSmqSCek85wPhGq7VbhSo45fGS9c\nLK3X2fDZF96HJPWYFJpLPjfgTiyN3Dnm3/tPpRp3mjkYQhpIEWqxX7MPcw5k7X2W\n4oxMu1QCi3020XEIIPZYXAuppj+hWORCtLhrapHd0MZHJvNnuYjZK8unPb7VMyHf\nauwT/sPKoPOGSZ0VCbDrD8GmIs5sGvqCy0AOid/aCTaYTkFDHIf3c7/Fs7RjftUU\nkmim79DXpbCzaRWLwzqKu6QgAgT//vpd/3W8E7+KBN/mg91QsG7uo7RCYqT9FWQv\nxDkAAAc423nnV9t551cAAAAHc3NoLXJzYQAAAgEAy6iibnMLmikCxYFF07hq3qOV\norg3BE9AhGLn/rGXxhSeDv2darJKRcLkQ/6ceqHJ5d6hWhRXI8SSemvxDjtv0/Pk\ngoNttfIO3hpy3ndjbR06oiGK2fv4ms+y1Ok9mU5X7YNDhM5IA3tQUpt0Ht2KYbyj\nRtO9VPz/wL15kK2QrAVVxUhQaKSHpv/KaF3YvD+0veUZUMIfNzc7yrWfd00nR2C+\nd8Y1bf1BkB1D+JIBgisWv+o2bgyNYvviiHuIcivH9/H5HG5iWwosVQSM1PD2dYKi\nvepzyK5ItzwvkY5+LnmULIAonylnBGlLEPwU3VDNMdL8yro6W7pao7O5h9t7c2fa\n+HZ0dW4XkmRQZr/6IZpiaKvYWOD/Z7//eM4erqdwX0Fhvk2++qShgSmqSCek85wP\nhGq7VbhSo45fGS9cLK3X2fDZF96HJPWYFJpLPjfgTiyN3Dnm3/tPpRp3mjkYQhpI\nEWqxX7MPcw5k7X2W4oxMu1QCi3020XEIIPZYXAuppj+hWORCtLhrapHd0MZHJvNn\nuYjZK8unPb7VMyHfauwT/sPKoPOGSZ0VCbDrD8GmIs5sGvqCy0AOid/aCTaYTkFD\nHIf3c7/Fs7RjftUUkmim79DXpbCzaRWLwzqKu6QgAgT//vpd/3W8E7+KBN/mg91Q\nsG7uo7RCYqT9FWQvxDkAAAADAQABAAACAD6BSSkA4iS0RYd8f4PVa+dc6YYBZ9FI\nyZJYEL/Yna5LkZ8kM3YVtjnm8Mv1ju0MTrzgMUFGUOBHanVsP5WQpGe2yQFNeRSI\ncAu2rl6c4cURXXd5N/ZjIQ/Sgx5ZX3B33QCmcsiFzxBSfnp7/42hjOEmVi5cuhUl\neREclfzTaD2DfamI4jTbmk6k3uhdNTHBk6VcdQKWMaJur0ktqP2ijlWX2Z1FFgzl\n14N1l/DoTtI2i0rnhUENVS92AzbEQ0JXMY5lk4EoV8N9QdHuDZMlSV8TcwM6u8Jx\nyxuBu0+/HfcBlXp68vy2ZkmyTzmtRHIQZInQKYnG0jZo4XywolaSBDcA+SnbXjWb\nn/JfK6EmFmQcsa0W1+c7IZOOOQnteClIrgECC36j30C2DoRjo/5eoZRviiNcnaif\nGpc0lhJqCcSjpVzxANCFc1tHOivWoRqdtqAITrSA8UnM4y544mPQnuS+xVKy5uvJ\nNvovaK6Vu5ZxwrdtB3nc+5kbrshXSsYM/cfRRkc5Zv+QTxoMnfGq2KqYrR13xRnU\njMjGfJHGDpLQ2lB5Ny9gDhPVOD2emcGL4o8vU2xRvErCZ2TkCrNiFJK/jipIZahx\nHWcZs1rQlnNmvVdXkFLRfrNH5LwS4aU9mqYiqTz8ER1uAxxiPHmGzcWgcoTHw2E4\nm4ujuJE865UpAAABAC0iRSfaWYHzEI+vaPSxm7ULmdkvdaVssNohID0OD8C/9o0F\nEw52xWGq+MaHg3kxw1kbD8R3wm+nN1f2xMMK5WfKYUaqek+o6Z4Y52+NRIv4aAGL\nnBlLhAlacSAT2xc6NT3cNWx96FKU/Y6OCUCYv+6I5kouWe6vqglLy5Z3xAn5gcdN\nkl5tNREoBhvYxGZlrJo5NAswVDC753Y8sQ+aQVH3NtZi8SqNG55RUyIEDGTYEDDH\n+n3NgsMxVsM93tNod3jlqWcqkoRovAoOxB598DnJ7u+z71iFLM6dgYVBrOmDOL04\nhJEZhoLMQL3Ad0fGe3kMAGnYO4+jbByJapc40sQAAAEBAO26INuCSgV9zjeLhcxn\nPZCf+/i/BZOBv/R3KLt/u91EpFsDL8To5hFfaJgNfqeib4eJzwL2nzKwNfM4XYVT\nA/MBwUprytgFozHrEs+UGA2pLXzMHN2gLl8vsFu+rQSgv2ZSAmIIIUCBwAhTkEEx\nTR+MIt9Gh6xJLQ8Glq+V0WDVVSSuwSEoy6MkwgoBIS9w5HohJ7StLH8oHEH0x5R9\n9iMkT4zJrXqGHCmA2QOL+A4pLujzdtNQizZLo7BAdRHyAEgCkO3wOh69WqmZXYHt\nWyC5+p6w1VmiXpFrEXXtazvDA41MuBQ/lGkEkhJrOOoAKLrR3lTkr6iKtcFbzlXf\niNcAAAEBANtQIHnUC0LbUA+Sf9g3MxzadPC88tdEmi3h9oqWt4Ue55+fr+n5Oeai\nAR9xO89g/bCArroADt3E923tWE/y05czDNWZFuEjv0gMX3suq2KvGZKghL4GkDx6\nblEaQdroTy+/XOXEa8fraA3YkwrVezBoz9lfJOBPVj7UJ1uRXwPfbilNj/OXCNWN\nzNvC8oaKo+XlOm5LSVN9J2cR87pha2y/6gWMltOTgxC2CNRgVodFhhXacYi0zVRX\nnZ8FcD3mxXUUIOm6cUN84K1jxPmjO33HXB/AgXUpD4XvT/Mfy11Ksfv/VzludG2d\n5NTYMBV5DBGq+Cc49Luz9K5tNcdPKW8AAAAAAQID\n-----END OPENSSH PRIVATE KEY-----\n",
            "private_key_pem": "-----BEGIN RSA PRIVATE KEY-----\nMIIJKAIBAAKCAgEAy6iibnMLmikCxYFF07hq3qOVorg3BE9AhGLn/rGXxhSeDv2d\narJKRcLkQ/6ceqHJ5d6hWhRXI8SSemvxDjtv0/PkgoNttfIO3hpy3ndjbR06oiGK\n2fv4ms+y1Ok9mU5X7YNDhM5IA3tQUpt0Ht2KYbyjRtO9VPz/wL15kK2QrAVVxUhQ\naKSHpv/KaF3YvD+0veUZUMIfNzc7yrWfd00nR2C+d8Y1bf1BkB1D+JIBgisWv+o2\nbgyNYvviiHuIcivH9/H5HG5iWwosVQSM1PD2dYKivepzyK5ItzwvkY5+LnmULIAo\nnylnBGlLEPwU3VDNMdL8yro6W7pao7O5h9t7c2fa+HZ0dW4XkmRQZr/6IZpiaKvY\nWOD/Z7//eM4erqdwX0Fhvk2++qShgSmqSCek85wPhGq7VbhSo45fGS9cLK3X2fDZ\nF96HJPWYFJpLPjfgTiyN3Dnm3/tPpRp3mjkYQhpIEWqxX7MPcw5k7X2W4oxMu1QC\ni3020XEIIPZYXAuppj+hWORCtLhrapHd0MZHJvNnuYjZK8unPb7VMyHfauwT/sPK\noPOGSZ0VCbDrD8GmIs5sGvqCy0AOid/aCTaYTkFDHIf3c7/Fs7RjftUUkmim79DX\npbCzaRWLwzqKu6QgAgT//vpd/3W8E7+KBN/mg91QsG7uo7RCYqT9FWQvxDkCAwEA\nAQKCAgA+gUkpAOIktEWHfH+D1WvnXOmGAWfRSMmSWBC/2J2uS5GfJDN2FbY55vDL\n9Y7tDE684DFBRlDgR2p1bD+VkKRntskBTXkUiHALtq5enOHFEV13eTf2YyEP0oMe\nWV9wd90ApnLIhc8QUn56e/+NoYzhJlYuXLoVJXkRHJX802g9g32piOI025pOpN7o\nXTUxwZOlXHUCljGibq9JLaj9oo5Vl9mdRRYM5deDdZfw6E7SNotK54VBDVUvdgM2\nxENCVzGOZZOBKFfDfUHR7g2TJUlfE3MDOrvCccsbgbtPvx33AZV6evL8tmZJsk85\nrURyEGSJ0CmJxtI2aOF8sKJWkgQ3APkp2141m5/yXyuhJhZkHLGtFtfnOyGTjjkJ\n7XgpSK4BAgt+o99Atg6EY6P+XqGUb4ojXJ2onxqXNJYSagnEo6Vc8QDQhXNbRzor\n1qEanbagCE60gPFJzOMueOJj0J7kvsVSsubryTb6L2iulbuWccK3bQd53PuZG67I\nV0rGDP3H0UZHOWb/kE8aDJ3xqtiqmK0dd8UZ1IzIxnyRxg6S0NpQeTcvYA4T1Tg9\nnpnBi+KPL1NsUbxKwmdk5AqzYhSSv44qSGWocR1nGbNa0JZzZr1XV5BS0X6zR+S8\nEuGlPZqmIqk8/BEdbgMcYjx5hs3FoHKEx8NhOJuLo7iRPOuVKQKCAQEA7bog24JK\nBX3ON4uFzGc9kJ/7+L8Fk4G/9Hcou3+73USkWwMvxOjmEV9omA1+p6Jvh4nPAvaf\nMrA18zhdhVMD8wHBSmvK2AWjMesSz5QYDaktfMwc3aAuXy+wW76tBKC/ZlICYggh\nQIHACFOQQTFNH4wi30aHrEktDwaWr5XRYNVVJK7BISjLoyTCCgEhL3DkeiEntK0s\nfygcQfTHlH32IyRPjMmteoYcKYDZA4v4Diku6PN201CLNkujsEB1EfIASAKQ7fA6\nHr1aqZldge1bILn6nrDVWaJekWsRde1rO8MDjUy4FD+UaQSSEms46gAoutHeVOSv\nqIq1wVvOVd+I1wKCAQEA21AgedQLQttQD5J/2DczHNp08Lzy10SaLeH2ipa3hR7n\nn5+v6fk55qIBH3E7z2D9sICuugAO3cT3be1YT/LTlzMM1ZkW4SO/SAxfey6rYq8Z\nkqCEvgaQPHpuURpB2uhPL79c5cRrx+toDdiTCtV7MGjP2V8k4E9WPtQnW5FfA99u\nKU2P85cI1Y3M28Lyhoqj5eU6bktJU30nZxHzumFrbL/qBYyW05ODELYI1GBWh0WG\nFdpxiLTNVFednwVwPebFdRQg6bpxQ3zgrWPE+aM7fcdcH8CBdSkPhe9P8x/LXUqx\n+/9XOW50bZ3k1NgwFXkMEar4Jzj0u7P0rm01x08pbwKCAQEAht940NEkqeTsYHsa\nGBPiy/DYhhHqWfvdKheI1ofrz+enz7MJIRB5pxWYQ9w0JWt1F1LKTgYZ4Co1EZ7D\nAGdO8Enong518QWRxzp1W6vL0cRP+GPdZKgCZyKpTgPqKZwBu01/6JpwMybqCk9O\noo4UEXfyOPbM9qQ1mjbEuy2msueV/M/g5q08i3zJUd++Mio8lkXFPy6Y9jONhKYZ\nrVehk+J/94JcmA0KYUmm1epNe8tFwAiRO+aQdOeJIPAQ+3NvUWuTSktmzhXkICDQ\n+mvtra2WUP5GrSn/uUUjjOJ8WlWT6FDEh0hjLQnYzfZjPe+FLCjxmPx95IN+BwvN\nDs9Z1QKCAQBsYvQ54W7TUtoFaCygqd8r4lcq5ubJNtFP3b3fjk8SjkyAmgXxh0dz\nURtm86pQeinGgkJYEFFIjuCNxl//2w1xSzyLj8Y77FPLgrnpgg4XjlwAGC6iT1IX\nYZaFpIlpa6g++78omuN9gT0CosdA8nKYYSRf1GLALNV95ZGx8m1X16N07C05gKpQ\nCG13Kqh7j6cipiAzhCewCElh6gBfW2gg7dP1fB7KX7vFlYFVnGsHHXf/8t5rZpeX\nmFmAzspC/XsWuqTtfkQdy2iqqIUfrulm5xEDbDtOsMVINxZ3HH6AE7tUxEPSUWFf\nD0qZWmKhKhqp3KoZkE97OJuzXKvYXaonAoIBAC0iRSfaWYHzEI+vaPSxm7ULmdkv\ndaVssNohID0OD8C/9o0FEw52xWGq+MaHg3kxw1kbD8R3wm+nN1f2xMMK5WfKYUaq\nek+o6Z4Y52+NRIv4aAGLnBlLhAlacSAT2xc6NT3cNWx96FKU/Y6OCUCYv+6I5kou\nWe6vqglLy5Z3xAn5gcdNkl5tNREoBhvYxGZlrJo5NAswVDC753Y8sQ+aQVH3NtZi\n8SqNG55RUyIEDGTYEDDH+n3NgsMxVsM93tNod3jlqWcqkoRovAoOxB598DnJ7u+z\n71iFLM6dgYVBrOmDOL04hJEZhoLMQL3Ad0fGe3kMAGnYO4+jbByJapc40sQ=\n-----END RSA PRIVATE KEY-----\n",
            "public_key_fingerprint_md5": "ed:22:aa:70:4e:b1:3f:52:42:df:e0:84:33:9c:64:0d",
            "public_key_fingerprint_sha256": "SHA256:LGpf7cxo4Ku/Sw0xuk6C3FYUKFtUVWvjme8cVjJOQ7U",
            "public_key_openssh": "ssh-rsa AAAAB3NzaC1yc2EAAAADAQABAAACAQDLqKJucwuaKQLFgUXTuGreo5WiuDcET0CEYuf+sZfGFJ4O/Z1qskpFwuRD/px6ocnl3qFaFFcjxJJ6a/EOO2/T8+SCg2218g7eGnLed2NtHTqiIYrZ+/iaz7LU6T2ZTlftg0OEzkgDe1BSm3Qe3YphvKNG071U/P/AvXmQrZCsBVXFSFBopIem/8poXdi8P7S95RlQwh83NzvKtZ93TSdHYL53xjVt/UGQHUP4kgGCKxa/6jZuDI1i++KIe4hyK8f38fkcbmJbCixVBIzU8PZ1gqK96nPIrki3PC+Rjn4ueZQsgCifKWcEaUsQ/BTdUM0x0vzKujpbulqjs7mH23tzZ9r4dnR1bheSZFBmv/ohmmJoq9hY4P9nv/94zh6up3BfQWG+Tb76pKGBKapIJ6TznA+EartVuFKjjl8ZL1wsrdfZ8NkX3ock9ZgUmks+N+BOLI3cOebf+0+lGneaORhCGkgRarFfsw9zDmTtfZbijEy7VAKLfTbRcQgg9lhcC6mmP6FY5EK0uGtqkd3Qxkcm82e5iNkry6c9vtUzId9q7BP+w8qg84ZJnRUJsOsPwaYizmwa+oLLQA6J39oJNphOQUMch/dzv8WztGN+1RSSaKbv0NelsLNpFYvDOoq7pCACBP/++l3/dbwTv4oE3+aD3VCwbu6jtEJipP0VZC/EOQ==\n",
            "public_key_pem": "-----BEGIN PUBLIC KEY-----\nMIICIjANBgkqhkiG9w0BAQEFAAOCAg8AMIICCgKCAgEAy6iibnMLmikCxYFF07hq\n3qOVorg3BE9AhGLn/rGXxhSeDv2darJKRcLkQ/6ceqHJ5d6hWhRXI8SSemvxDjtv\n0/PkgoNttfIO3hpy3ndjbR06oiGK2fv4ms+y1Ok9mU5X7YNDhM5IA3tQUpt0Ht2K\nYbyjRtO9VPz/wL15kK2QrAVVxUhQaKSHpv/KaF3YvD+0veUZUMIfNzc7yrWfd00n\nR2C+d8Y1bf1BkB1D+JIBgisWv+o2bgyNYvviiHuIcivH9/H5HG5iWwosVQSM1PD2\ndYKivepzyK5ItzwvkY5+LnmULIAonylnBGlLEPwU3VDNMdL8yro6W7pao7O5h9t7\nc2fa+HZ0dW4XkmRQZr/6IZpiaKvYWOD/Z7//eM4erqdwX0Fhvk2++qShgSmqSCek\n85wPhGq7VbhSo45fGS9cLK3X2fDZF96HJPWYFJpLPjfgTiyN3Dnm3/tPpRp3mjkY\nQhpIEWqxX7MPcw5k7X2W4oxMu1QCi3020XEIIPZYXAuppj+hWORCtLhrapHd0MZH\nJvNnuYjZK8unPb7VMyHfauwT/sPKoPOGSZ0VCbDrD8GmIs5sGvqCy0AOid/aCTaY\nTkFDHIf3c7/Fs7RjftUUkmim79DXpbCzaRWLwzqKu6QgAgT//vpd/3W8E7+KBN/m\ng91QsG7uo7RCYqT9FWQvxDkCAwEAAQ==\n-----END PUBLIC KEY-----\n",
            "rsa_bits": 4096
          },
          "sensitive_attributes": [],
          "private": "bnVsbA=="
        }
      ]
    },
    {
      "module": "module.network",
      "mode": "managed",
      "type": "aws_db_subnet_group",
      "name": "private_subnet_group",
      "provider": "provider[\"registry.terraform.io/hashicorp/aws\"]",
      "instances": [
        {
          "schema_version": 0,
          "attributes": {
            "arn": "arn:aws:rds:eu-central-1:667727374429:subgrp:private_subnets",
            "description": "Managed by Terraform",
            "id": "private_subnets",
            "name": "private_subnets",
            "name_prefix": null,
            "subnet_ids": [
              "subnet-09966dd034ce54d9a",
              "subnet-0d3a543903b58454c"
            ],
            "tags": {
              "Name": "My DB subnet group"
            },
            "tags_all": {
              "Name": "My DB subnet group"
            }
          },
          "sensitive_attributes": [],
          "private": "bnVsbA==",
          "dependencies": [
            "module.network.aws_subnet.private-one",
            "module.network.aws_subnet.private-two",
            "module.network.aws_vpc.myvpc"
          ]
        }
      ]
    },
    {
      "module": "module.network",
      "mode": "managed",
      "type": "aws_eip",
      "name": "el-ip-1",
      "provider": "provider[\"registry.terraform.io/hashicorp/aws\"]",
      "instances": [
        {
          "schema_version": 0,
          "attributes": {
            "address": null,
            "allocation_id": "eipalloc-0ecb0ea65a5485b11",
            "associate_with_private_ip": null,
            "association_id": "eipassoc-057b216c8c5980562",
            "carrier_ip": "",
            "customer_owned_ip": "",
            "customer_owned_ipv4_pool": "",
            "domain": "vpc",
            "id": "eipalloc-0ecb0ea65a5485b11",
            "instance": "",
            "network_border_group": "eu-central-1",
            "network_interface": "eni-018aa306d568eae11",
            "private_dns": "ip-192-0-0-222.eu-central-1.compute.internal",
            "private_ip": "192.0.0.222",
            "public_dns": "ec2-3-124-202-242.eu-central-1.compute.amazonaws.com",
            "public_ip": "3.124.202.242",
            "public_ipv4_pool": "amazon",
            "tags": {},
            "tags_all": {},
            "timeouts": null,
            "vpc": true
          },
          "sensitive_attributes": [],
          "private": "eyJlMmJmYjczMC1lY2FhLTExZTYtOGY4OC0zNDM2M2JjN2M0YzAiOnsiZGVsZXRlIjoxODAwMDAwMDAwMDAsInJlYWQiOjkwMDAwMDAwMDAwMCwidXBkYXRlIjozMDAwMDAwMDAwMDB9fQ==",
          "dependencies": [
            "module.network.aws_internet_gateway.my-getway",
            "module.network.aws_vpc.myvpc"
          ]
        }
      ]
    },
    {
      "module": "module.network",
      "mode": "managed",
      "type": "aws_internet_gateway",
      "name": "my-getway",
      "provider": "provider[\"registry.terraform.io/hashicorp/aws\"]",
      "instances": [
        {
          "schema_version": 0,
          "attributes": {
            "arn": "arn:aws:ec2:eu-central-1:667727374429:internet-gateway/igw-0f38462dc50f57c07",
            "id": "igw-0f38462dc50f57c07",
            "owner_id": "667727374429",
            "tags": {
              "Name": "internet_getway"
            },
            "tags_all": {
              "Name": "internet_getway"
            },
            "vpc_id": "vpc-03aef443b456c3a21"
          },
          "sensitive_attributes": [],
          "private": "bnVsbA==",
          "dependencies": [
            "module.network.aws_vpc.myvpc"
          ]
        }
      ]
    },
    {
      "module": "module.network",
      "mode": "managed",
      "type": "aws_nat_gateway",
      "name": "nat1",
      "provider": "provider[\"registry.terraform.io/hashicorp/aws\"]",
      "instances": [
        {
          "schema_version": 0,
          "attributes": {
            "allocation_id": "eipalloc-0ecb0ea65a5485b11",
            "connectivity_type": "public",
            "id": "nat-01b1bad8c51456ff9",
            "network_interface_id": "eni-018aa306d568eae11",
            "private_ip": "192.0.0.222",
            "public_ip": "3.124.202.242",
            "subnet_id": "subnet-0e0dca9b87eca3d84",
            "tags": {
              "Name": "gw NAT 1"
            },
            "tags_all": {
              "Name": "gw NAT 1"
            }
          },
          "sensitive_attributes": [],
          "private": "bnVsbA==",
          "dependencies": [
            "module.network.aws_eip.el-ip-1",
            "module.network.aws_internet_gateway.my-getway",
            "module.network.aws_subnet.public-one",
            "module.network.aws_vpc.myvpc"
          ]
        }
      ]
    },
    {
      "module": "module.network",
      "mode": "managed",
      "type": "aws_route_table",
      "name": "root-private-1",
      "provider": "provider[\"registry.terraform.io/hashicorp/aws\"]",
      "instances": [
        {
          "schema_version": 0,
          "attributes": {
            "arn": "arn:aws:ec2:eu-central-1:667727374429:route-table/rtb-091038d6d7fd611c2",
            "id": "rtb-091038d6d7fd611c2",
            "owner_id": "667727374429",
            "propagating_vgws": [],
            "route": [
              {
                "carrier_gateway_id": "",
                "cidr_block": "0.0.0.0/0",
                "core_network_arn": "",
                "destination_prefix_list_id": "",
                "egress_only_gateway_id": "",
                "gateway_id": "",
                "instance_id": "",
                "ipv6_cidr_block": "",
                "local_gateway_id": "",
                "nat_gateway_id": "nat-01b1bad8c51456ff9",
                "network_interface_id": "",
                "transit_gateway_id": "",
                "vpc_endpoint_id": "",
                "vpc_peering_connection_id": ""
              }
            ],
            "tags": {
              "Name": "private1"
            },
            "tags_all": {
              "Name": "private1"
            },
            "timeouts": null,
            "vpc_id": "vpc-03aef443b456c3a21"
          },
          "sensitive_attributes": [],
          "private": "eyJlMmJmYjczMC1lY2FhLTExZTYtOGY4OC0zNDM2M2JjN2M0YzAiOnsiY3JlYXRlIjozMDAwMDAwMDAwMDAsImRlbGV0ZSI6MzAwMDAwMDAwMDAwLCJ1cGRhdGUiOjEyMDAwMDAwMDAwMH19",
          "dependencies": [
            "module.network.aws_eip.el-ip-1",
            "module.network.aws_internet_gateway.my-getway",
            "module.network.aws_nat_gateway.nat1",
            "module.network.aws_subnet.public-one",
            "module.network.aws_vpc.myvpc"
          ]
        }
      ]
    },
    {
      "module": "module.network",
      "mode": "managed",
      "type": "aws_route_table",
      "name": "root-public1",
      "provider": "provider[\"registry.terraform.io/hashicorp/aws\"]",
      "instances": [
        {
          "schema_version": 0,
          "attributes": {
            "arn": "arn:aws:ec2:eu-central-1:667727374429:route-table/rtb-0671dd4473990d39e",
            "id": "rtb-0671dd4473990d39e",
            "owner_id": "667727374429",
            "propagating_vgws": [],
            "route": [
              {
                "carrier_gateway_id": "",
                "cidr_block": "0.0.0.0/0",
                "core_network_arn": "",
                "destination_prefix_list_id": "",
                "egress_only_gateway_id": "",
                "gateway_id": "igw-0f38462dc50f57c07",
                "instance_id": "",
                "ipv6_cidr_block": "",
                "local_gateway_id": "",
                "nat_gateway_id": "",
                "network_interface_id": "",
                "transit_gateway_id": "",
                "vpc_endpoint_id": "",
                "vpc_peering_connection_id": ""
              }
            ],
            "tags": {
              "Name": "public1"
            },
            "tags_all": {
              "Name": "public1"
            },
            "timeouts": null,
            "vpc_id": "vpc-03aef443b456c3a21"
          },
          "sensitive_attributes": [],
          "private": "eyJlMmJmYjczMC1lY2FhLTExZTYtOGY4OC0zNDM2M2JjN2M0YzAiOnsiY3JlYXRlIjozMDAwMDAwMDAwMDAsImRlbGV0ZSI6MzAwMDAwMDAwMDAwLCJ1cGRhdGUiOjEyMDAwMDAwMDAwMH19",
          "dependencies": [
            "module.network.aws_internet_gateway.my-getway",
            "module.network.aws_vpc.myvpc"
          ]
        }
      ]
    },
    {
      "module": "module.network",
      "mode": "managed",
      "type": "aws_route_table_association",
      "name": "a-private1",
      "provider": "provider[\"registry.terraform.io/hashicorp/aws\"]",
      "instances": [
        {
          "schema_version": 0,
          "attributes": {
            "gateway_id": "",
            "id": "rtbassoc-046fdc23e7e9b6f1e",
            "route_table_id": "rtb-091038d6d7fd611c2",
            "subnet_id": "subnet-0d3a543903b58454c"
          },
          "sensitive_attributes": [],
          "private": "bnVsbA==",
          "dependencies": [
            "module.network.aws_eip.el-ip-1",
            "module.network.aws_internet_gateway.my-getway",
            "module.network.aws_nat_gateway.nat1",
            "module.network.aws_route_table.root-private-1",
            "module.network.aws_subnet.private-one",
            "module.network.aws_subnet.public-one",
            "module.network.aws_vpc.myvpc"
          ]
        }
      ]
    },
    {
      "module": "module.network",
      "mode": "managed",
      "type": "aws_route_table_association",
      "name": "a-private2",
      "provider": "provider[\"registry.terraform.io/hashicorp/aws\"]",
      "instances": [
        {
          "schema_version": 0,
          "attributes": {
            "gateway_id": "",
            "id": "rtbassoc-0a18aea00590c5b53",
            "route_table_id": "rtb-091038d6d7fd611c2",
            "subnet_id": "subnet-09966dd034ce54d9a"
          },
          "sensitive_attributes": [],
          "private": "bnVsbA==",
          "dependencies": [
            "module.network.aws_eip.el-ip-1",
            "module.network.aws_internet_gateway.my-getway",
            "module.network.aws_nat_gateway.nat1",
            "module.network.aws_route_table.root-private-1",
            "module.network.aws_subnet.private-two",
            "module.network.aws_subnet.public-one",
            "module.network.aws_vpc.myvpc"
          ]
        }
      ]
    },
    {
      "module": "module.network",
      "mode": "managed",
      "type": "aws_route_table_association",
      "name": "a-public1",
      "provider": "provider[\"registry.terraform.io/hashicorp/aws\"]",
      "instances": [
        {
          "schema_version": 0,
          "attributes": {
            "gateway_id": "",
            "id": "rtbassoc-0aed52a4d69ba31ff",
            "route_table_id": "rtb-0671dd4473990d39e",
            "subnet_id": "subnet-0e0dca9b87eca3d84"
          },
          "sensitive_attributes": [],
          "private": "bnVsbA==",
          "dependencies": [
            "module.network.aws_internet_gateway.my-getway",
            "module.network.aws_route_table.root-public1",
            "module.network.aws_subnet.public-one",
            "module.network.aws_vpc.myvpc"
          ]
        }
      ]
    },
    {
      "module": "module.network",
      "mode": "managed",
      "type": "aws_route_table_association",
      "name": "a-public2",
      "provider": "provider[\"registry.terraform.io/hashicorp/aws\"]",
      "instances": [
        {
          "schema_version": 0,
          "attributes": {
            "gateway_id": "",
            "id": "rtbassoc-00502e6449ee4d18e",
            "route_table_id": "rtb-0671dd4473990d39e",
            "subnet_id": "subnet-0329fb0c39e32c8bc"
          },
          "sensitive_attributes": [],
          "private": "bnVsbA==",
          "dependencies": [
            "module.network.aws_internet_gateway.my-getway",
            "module.network.aws_route_table.root-public1",
            "module.network.aws_subnet.public-two",
            "module.network.aws_vpc.myvpc"
          ]
        }
      ]
    },
    {
      "module": "module.network",
      "mode": "managed",
      "type": "aws_subnet",
      "name": "private-one",
      "provider": "provider[\"registry.terraform.io/hashicorp/aws\"]",
      "instances": [
        {
          "schema_version": 1,
          "attributes": {
            "arn": "arn:aws:ec2:eu-central-1:667727374429:subnet/subnet-0d3a543903b58454c",
            "assign_ipv6_address_on_creation": false,
            "availability_zone": "eu-central-1a",
            "availability_zone_id": "euc1-az2",
            "cidr_block": "192.0.1.0/24",
            "customer_owned_ipv4_pool": "",
            "enable_dns64": false,
            "enable_resource_name_dns_a_record_on_launch": false,
            "enable_resource_name_dns_aaaa_record_on_launch": false,
            "id": "subnet-0d3a543903b58454c",
            "ipv6_cidr_block": "",
            "ipv6_cidr_block_association_id": "",
            "ipv6_native": false,
            "map_customer_owned_ip_on_launch": false,
            "map_public_ip_on_launch": false,
            "outpost_arn": "",
            "owner_id": "667727374429",
            "private_dns_hostname_type_on_launch": "ip-name",
            "tags": {
              "Name": "prod-private-one"
            },
            "tags_all": {
              "Name": "prod-private-one"
            },
            "timeouts": null,
            "vpc_id": "vpc-03aef443b456c3a21"
          },
          "sensitive_attributes": [],
          "private": "eyJlMmJmYjczMC1lY2FhLTExZTYtOGY4OC0zNDM2M2JjN2M0YzAiOnsiY3JlYXRlIjo2MDAwMDAwMDAwMDAsImRlbGV0ZSI6MTIwMDAwMDAwMDAwMH0sInNjaGVtYV92ZXJzaW9uIjoiMSJ9",
          "dependencies": [
            "module.network.aws_vpc.myvpc"
          ]
        }
      ]
    },
    {
      "module": "module.network",
      "mode": "managed",
      "type": "aws_subnet",
      "name": "private-two",
      "provider": "provider[\"registry.terraform.io/hashicorp/aws\"]",
      "instances": [
        {
          "schema_version": 1,
          "attributes": {
            "arn": "arn:aws:ec2:eu-central-1:667727374429:subnet/subnet-09966dd034ce54d9a",
            "assign_ipv6_address_on_creation": false,
            "availability_zone": "eu-central-1b",
            "availability_zone_id": "euc1-az3",
            "cidr_block": "192.0.3.0/24",
            "customer_owned_ipv4_pool": "",
            "enable_dns64": false,
            "enable_resource_name_dns_a_record_on_launch": false,
            "enable_resource_name_dns_aaaa_record_on_launch": false,
            "id": "subnet-09966dd034ce54d9a",
            "ipv6_cidr_block": "",
            "ipv6_cidr_block_association_id": "",
            "ipv6_native": false,
            "map_customer_owned_ip_on_launch": false,
            "map_public_ip_on_launch": false,
            "outpost_arn": "",
            "owner_id": "667727374429",
            "private_dns_hostname_type_on_launch": "ip-name",
            "tags": {
              "Name": "prod-private-two"
            },
            "tags_all": {
              "Name": "prod-private-two"
            },
            "timeouts": null,
            "vpc_id": "vpc-03aef443b456c3a21"
          },
          "sensitive_attributes": [],
          "private": "eyJlMmJmYjczMC1lY2FhLTExZTYtOGY4OC0zNDM2M2JjN2M0YzAiOnsiY3JlYXRlIjo2MDAwMDAwMDAwMDAsImRlbGV0ZSI6MTIwMDAwMDAwMDAwMH0sInNjaGVtYV92ZXJzaW9uIjoiMSJ9",
          "dependencies": [
            "module.network.aws_vpc.myvpc"
          ]
        }
      ]
    },
    {
      "module": "module.network",
      "mode": "managed",
      "type": "aws_subnet",
      "name": "public-one",
      "provider": "provider[\"registry.terraform.io/hashicorp/aws\"]",
      "instances": [
        {
          "schema_version": 1,
          "attributes": {
            "arn": "arn:aws:ec2:eu-central-1:667727374429:subnet/subnet-0e0dca9b87eca3d84",
            "assign_ipv6_address_on_creation": false,
            "availability_zone": "eu-central-1a",
            "availability_zone_id": "euc1-az2",
            "cidr_block": "192.0.0.0/24",
            "customer_owned_ipv4_pool": "",
            "enable_dns64": false,
            "enable_resource_name_dns_a_record_on_launch": false,
            "enable_resource_name_dns_aaaa_record_on_launch": false,
            "id": "subnet-0e0dca9b87eca3d84",
            "ipv6_cidr_block": "",
            "ipv6_cidr_block_association_id": "",
            "ipv6_native": false,
            "map_customer_owned_ip_on_launch": false,
            "map_public_ip_on_launch": true,
            "outpost_arn": "",
            "owner_id": "667727374429",
            "private_dns_hostname_type_on_launch": "ip-name",
            "tags": {
              "Name": "prod-public-one"
            },
            "tags_all": {
              "Name": "prod-public-one"
            },
            "timeouts": null,
            "vpc_id": "vpc-03aef443b456c3a21"
          },
          "sensitive_attributes": [],
          "private": "eyJlMmJmYjczMC1lY2FhLTExZTYtOGY4OC0zNDM2M2JjN2M0YzAiOnsiY3JlYXRlIjo2MDAwMDAwMDAwMDAsImRlbGV0ZSI6MTIwMDAwMDAwMDAwMH0sInNjaGVtYV92ZXJzaW9uIjoiMSJ9",
          "dependencies": [
            "module.network.aws_vpc.myvpc"
          ]
        }
      ]
    },
    {
      "module": "module.network",
      "mode": "managed",
      "type": "aws_subnet",
      "name": "public-two",
      "provider": "provider[\"registry.terraform.io/hashicorp/aws\"]",
      "instances": [
        {
          "schema_version": 1,
          "attributes": {
            "arn": "arn:aws:ec2:eu-central-1:667727374429:subnet/subnet-0329fb0c39e32c8bc",
            "assign_ipv6_address_on_creation": false,
            "availability_zone": "eu-central-1b",
            "availability_zone_id": "euc1-az3",
            "cidr_block": "192.0.2.0/24",
            "customer_owned_ipv4_pool": "",
            "enable_dns64": false,
            "enable_resource_name_dns_a_record_on_launch": false,
            "enable_resource_name_dns_aaaa_record_on_launch": false,
            "id": "subnet-0329fb0c39e32c8bc",
            "ipv6_cidr_block": "",
            "ipv6_cidr_block_association_id": "",
            "ipv6_native": false,
            "map_customer_owned_ip_on_launch": false,
            "map_public_ip_on_launch": true,
            "outpost_arn": "",
            "owner_id": "667727374429",
            "private_dns_hostname_type_on_launch": "ip-name",
            "tags": {
              "Name": "prod-public-two"
            },
            "tags_all": {
              "Name": "prod-public-two"
            },
            "timeouts": null,
            "vpc_id": "vpc-03aef443b456c3a21"
          },
          "sensitive_attributes": [],
          "private": "eyJlMmJmYjczMC1lY2FhLTExZTYtOGY4OC0zNDM2M2JjN2M0YzAiOnsiY3JlYXRlIjo2MDAwMDAwMDAwMDAsImRlbGV0ZSI6MTIwMDAwMDAwMDAwMH0sInNjaGVtYV92ZXJzaW9uIjoiMSJ9",
          "dependencies": [
            "module.network.aws_vpc.myvpc"
          ]
        }
      ]
    },
    {
      "module": "module.network",
      "mode": "managed",
      "type": "aws_vpc",
      "name": "myvpc",
      "provider": "provider[\"registry.terraform.io/hashicorp/aws\"]",
      "instances": [
        {
          "schema_version": 1,
          "attributes": {
            "arn": "arn:aws:ec2:eu-central-1:667727374429:vpc/vpc-03aef443b456c3a21",
            "assign_generated_ipv6_cidr_block": false,
            "cidr_block": "192.0.0.0/16",
            "default_network_acl_id": "acl-0ca69032a89377902",
            "default_route_table_id": "rtb-0919f2125b34b9167",
            "default_security_group_id": "sg-09877f5bd2f4957ad",
            "dhcp_options_id": "dopt-0a8a05356fe501b89",
            "enable_classiclink": false,
            "enable_classiclink_dns_support": false,
            "enable_dns_hostnames": true,
            "enable_dns_support": true,
            "id": "vpc-03aef443b456c3a21",
            "instance_tenancy": "default",
            "ipv4_ipam_pool_id": null,
            "ipv4_netmask_length": null,
            "ipv6_association_id": "",
            "ipv6_cidr_block": "",
            "ipv6_cidr_block_network_border_group": "",
            "ipv6_ipam_pool_id": "",
            "ipv6_netmask_length": 0,
            "main_route_table_id": "rtb-0919f2125b34b9167",
            "owner_id": "667727374429",
            "tags": {
              "Name": "prod"
            },
            "tags_all": {
              "Name": "prod"
            }
          },
          "sensitive_attributes": [],
          "private": "eyJzY2hlbWFfdmVyc2lvbiI6IjEifQ=="
        }
      ]
    }
  ]
}
